
Microsoft Visual Studio Solution File, Format Version 12.00
# Visual Studio Version 17
VisualStudioVersion = 17.14.36221.1
MinimumVisualStudioVersion = 10.0.40219.1
Project("{FAE04EC0-301F-11D3-BF4B-00C04F79EFBC}") = "RentACarDB", "RentACarDB\RentACarDB.csproj", "{3A8A8ABC-7DA3-4A0C-9819-29605589FABE}"
EndProject
Project("{FAE04EC0-301F-11D3-BF4B-00C04F79EFBC}") = "rentAcarWiew", "..\rentAcarWiew\rentAcarWiew\rentAcarWiew.csproj", "{4202CF62-B841-1D17-89CA-54E8E23F3D17}"
EndProject
Global
	GlobalSection(SolutionConfigurationPlatforms) = preSolution
		Debug|Any CPU = Debug|Any CPU
		Release|Any CPU = Release|Any CPU
	EndGlobalSection
	GlobalSection(ProjectConfigurationPlatforms) = postSolution
		{3A8A8ABC-7DA3-4A0C-9819-29605589FABE}.Debug|Any CPU.ActiveCfg = Debug|Any CPU
		{3A8A8ABC-7DA3-4A0C-9819-29605589FABE}.Debug|Any CPU.Build.0 = Debug|Any CPU
		{3A8A8ABC-7DA3-4A0C-9819-29605589FABE}.Release|Any CPU.ActiveCfg = Release|Any CPU
		{3A8A8ABC-7DA3-4A0C-9819-29605589FABE}.Release|Any CPU.Build.0 = Release|Any CPU
		{4202CF62-B841-1D17-89CA-54E8E23F3D17}.Debug|Any CPU.ActiveCfg = Debug|Any CPU
		{4202CF62-B841-1D17-89CA-54E8E23F3D17}.Debug|Any CPU.Build.0 = Debug|Any CPU
		{4202CF62-B841-1D17-89CA-54E8E23F3D17}.Release|Any CPU.ActiveCfg = Release|Any CPU
		{4202CF62-B841-1D17-89CA-54E8E23F3D17}.Release|Any CPU.Build.0 = Release|Any CPU
	EndGlobalSection
	GlobalSection(SolutionProperties) = preSolution
		HideSolutionNode = FALSE
	EndGlobalSection
	GlobalSection(ExtensibilityGlobals) = postSolution
		SolutionGuid = {074A5163-B997-4AFD-997E-F57BCB6BC710}
	EndGlobalSection
EndGlobal
